{
  "name": "bbva-mobile-banking",
  "version": "1.0.0",
  "lockfileVersion": 3,
  "requires": true,
  "packages": {
    "": {
      "name": "bbva-mobile-banking",
      "version": "1.0.0",
      "dependencies": {
        "@expo-google-fonts/roboto": "^0.4.3",
        "@expo/metro-runtime": "~3.1.3",
        "@expo/vector-icons": "^14.0.0",
        "@react-native-async-storage/async-storage": "1.21.0",
        "@react-native-community/netinfo": "11.1.0",
        "@react-navigation/bottom-tabs": "^6.5.11",
        "@react-navigation/drawer": "^6.6.6",
        "@react-navigation/native": "^6.1.9",
        "@react-navigation/native-stack": "^6.9.17",
        "@reduxjs/toolkit": "^2.0.1",
        "axios": "^1.6.2",
        "date-fns": "^3.0.6",
        "expo": "~50.0.0",
        "expo-font": "~11.10.3",
        "expo-local-authentication": "~13.8.0",
        "expo-localization": "~14.8.4",
        "expo-notifications": "~0.27.0",
        "expo-secure-store": "~12.8.1",
        "expo-splash-screen": "~0.26.4",
        "expo-status-bar": "~1.11.1",
        "i18n-js": "^4.3.2",
        "react": "18.2.0",
        "react-dom": "^18.2.0",
        "react-native": "0.73.6",
        "react-native-chart-kit": "^6.12.0",
        "react-native-gesture-handler": "~2.14.0",
        "react-native-modal": "^13.0.1",
        "react-native-paper": "^5.11.4",
        "react-native-reanimated": "~3.6.2",
        "react-native-safe-area-context": "4.8.2",
        "react-native-screens": "~3.29.0",
        "react-native-svg": "14.1.0",
        "react-native-toast-message": "^2.2.0",
        "react-native-vector-icons": "^10.0.3",
        "react-native-web": "^0.19.13",
        "react-redux": "^9.0.4",
        "redux-persist": "^6.0.0"
      },
      "devDependencies": {
        "@babel/core": "^7.23.7",
        "@testing-library/react-native": "^12.4.1",
        "@types/react": "~18.2.45",
        "@types/react-native": "^0.73.0",
        "babel-jest": "^29.7.0",
        "babel-plugin-module-resolver": "^5.0.3",
        "eslint": "^8.56.0",
        "gh-pages": "^6.1.1",
        "jest": "^29.7.0",
        "jest-expo": "^50.0.4",
        "prettier": "^3.1.1",
        "typescript": "^5.3.3"
      }
    },
    "node_modules/async": {
      "version": "3.2.6",
      "resolved": "https://registry.npmjs.org/async/-/async-3.2.6.tgz",
      "integrity": "sha512-htCUV5LJsii3iaqnVDQcVB5eNJEIzr9DArtTldWNpJbs3NHEhE/NB6t08E+4eYFSlMOGcPh73Pi6SNfxrNBIQ==",
      "dev": true
    },
    "node_modules/commander": {
      "version": "13.1.0",
      "resolved": "https://registry.npmjs.org/commander/-/commander-13.1.0.tgz",
      "integrity": "sha512-pJw/0FfyEXVDQNs8Td1TKmkTj+DkWBDul9sB/FcNemoYvQn2c1Xe4JCi0m/O+Km+YX5BfI9U5ZCIV0NjDUzHQ==",
      "dev": true,
      "engines": {
        "node": ">=18"
      }
    },
    "node_modules/email-addresses": {
      "version": "5.0.0",
      "resolved": "https://registry.npmjs.org/email-addresses/-/email-addresses-5.0.0.tgz",
      "integrity": "sha512-4OIPYlDIcvNIbpT23pnP0L1QZUN3GImp14tKV3qT5mbzhucEYcfI58nthqzsgcWfiC5SvJ7PmDHVwn+FvIQEA==",
      "dev": true
    },
    "node_modules/escape-string-regexp": {
      "version": "1.0.5",
      "resolved": "https://registry.npmjs.org/escape-string-regexp/-/escape-string-regexp-1.0.5.tgz",
      "integrity": "sha512-vbRorB5FUQWvla16U8R/qgaFIya2qGzwDrNmCZuYKrbdSUMG6I1ZCGQRefkRVhuOkIGVne7BQ35DSfo1qvJqFg==",
      "dev": true,
      "engines": {
        "node": ">=0.8.0"
      }
    },
    "node_modules/filenamify": {
      "version": "4.3.0",
      "resolved": "https://registry.npmjs.org/filenamify/-/filenamify-4.3.0.tgz",
      "integrity": "sha512-hcFKyUG57yWGAzu1CdqMwIJW/ZDBbknIcP1wgrMWNVWgvV0+9IULfCxwMcYnAby9 Ecv2Fg70zlXyPEEiYTjxw==",
      "dev": true,
      "dependencies": {
        "filename-reserved-regex": "^2.0.0",
        "strip-outer": "^1.0.1",
        "trim-repeated": "^1.0.0"
      },
      "engines": {
        "node": ">=8"
      }
    },
    "node_modules/filename-reserved-regex": {
      "version": "2.0.0",
      "resolved": "https://registry.npmjs.org/filename-reserved-regex/-/filename-reserved-regex-2.0.0.tgz",
      "integrity": "sha512-lc7bnH3G3gEwhJGHA6wvwj3EvWkGOwY8qroImIbajlnMWNVLAoJPn5nyDOSLFv5On7 Települitz6NxNArNrN6Dw==",
      "dev": true,
      "engines": {
        "node": ">=4"
      }
    },
    "node_modules/find-cache-dir": {
      "version": "3.3.2",
      "resolved": "https://registry.npmjs.org/find-cache-dir/-/find-cache-dir-3.3.2.tgz",
      "integrity": "sha512-wXZV5emFEjnQTKAVDM4ePLiAFCVrDfDW4+ydNUpQvwn5mwusLcbB+GSGimoDjOKGqQ7QvxNrqcV6aN6He/qBIw==",
      "dev": true,
      "dependencies": {
        "commondir": "^1.0.1",
        "make-dir": "^3.0.2",
        "pkg-dir": "^4.1.0"
      },
      "engines": {
        "node": ">=8"
      }
    },
    "node_modules/fs-extra": {
      "version": "11.3.5",
      "resolved": "https://registry.npmjs.org/fs-extra/-/fs-extra-11.3.5.tgz",
      "integrity": "sha512-WL/mBhGLnQcjMYjLUWqLfQ7BKaEd3L4e+4JQ7clOXZCGzGpn3Rr0N2H1TXZmgKrOgJRzM9Y8XhKBe2s8FaPgQ==",
      "dev": true,
      "dependencies": {
        "graceful-fs": "^4.2.0",
        "jsonfile": "^6.1.0",
        "universalify": "^2.0.0"
      },
      "engines": {
        "node": ">=14.14"
      }
    },
    "node_modules/gh-pages": {
      "version": "6.1.1",
      "resolved": "https://registry.npmjs.org/gh-pages/-/gh-pages-6.1.1.tgz",
      "integrity": "sha512-Afk5yUq9YjuJe/MNx0BN+N+evwMh3q5f6S/p2hk8qiZN47cqRvlr3AWYm5HuKaGpMOEb+zLW6a/TQdPBzcCJQ==",
      "dev": true,
      "dependencies": {
        "async": "^3.2.5",
        "commander": "^13.0.0",
        "email-addresses": "^5.0.0",
        "filenamify": "^4.3.0",
        "find-cache-dir": "^3.3.2",
        "fs-extra": "^11.1.1",
        "glob": "^10.3.10"
      },
      "bin": {
        "gh-pages": "bin/gh-pages.js"
      },
      "engines": {
        "node": ">=16.13.0"
      }
    },
    "node_modules/glob": {
      "version": "10.3.10",
      "resolved": "https://registry.npmjs.org/glob/-/glob-10.3.10.tgz",
      "integrity": "sha512-fa46+tv1Ak0UPK1TOy/pZrIybNNt4HCv7SDzwyfiCZa+29SSUqNcn96E7AWp2pWKAlg6man1MEO2ORQxglRAVw==",
      "dev": true,
      "dependencies": {
        "foreground-child": "^3.1.0",
        "jackspeak": "^3.1.2",
        "minimatch": "^9.0.1",
        "minipass": "^7.0.4",
        "path-scurry": "^1.10.1"
      },
      "bin": {
        "glob": "dist/cjs/src/bin.js"
      },
      "engines": {
        "node": "17.0.0 || >=18.0.0"
      }
    },
    "node_modules/make-dir": {
      "version": "3.1.0",
      "resolved": "https://registry.npmjs.org/make-dir/-/make-dir-3.1.0.tgz",
      "integrity": "sha512-g3FeP20LNwhALb/6Cnobc0fgw1go7zh1aEsohEzLo9SOWIBPTM5Za8VVLvtuwL5MCLjSh3DJMiGQreggnZ7AQg==",
      "dev": true,
      "dependencies": {
        "semver": "^6.0.0"
      },
      "engines": {
        "node": ">=8"
      }
    },
    "node_modules/jsonfile": {
      "version": "6.2.1",
      "resolved": "https://registry.npmjs.org/jsonfile/-/jsonfile-6.2.1.tgz",
      "integrity": "sha512-gxKlUxC0PtPyC4pM2qYcAT0O9sNc0v+PvJBgc0pXMbxHFdcBL9W00MnG9/kLWlBAGbT41E1W/6lI45P6yyR++A==",
      "dev": true,
      "dependencies": {
        "universalify": "^2.0.0"
      }
    },
    "node_modules/semver": {
      "version": "6.3.1",
      "resolved": "https://registry.npmjs.org/semver/-/semver-6.3.1.tgz",
      "integrity": "sha512-BR7VvDCVHO+q2xBEWskxS6DJE1qRnb7DxzUrogb71CWoSficBxYsiAGd+Kl0mmq/MprG9yArRqe5d3/KZeDDA==",
      "dev": true,
      "bin": {
        "semver": "bin/semver.js"
      }
    },
    "node_modules/strip-outer": {
      "version": "1.0.1",
      "resolved": "https://registry.npmjs.org/strip-outer/-/strip-outer-1.0.1.tgz",
      "integrity": "sha512-k55yxKHwaLBWFLTVulnpy+FeNmuP3RV8+LXlStjWSLsWiFJjlGDODpsKRkQTKp1cgvPHoL63ndlCUgMKQvQMbQ==",
      "dev": true,
      "dependencies": {
        "escape-string-regexp": "^1.0.2"
      },
      "engines": {
        "node": ">=0.10.0"
      }
    },
    "node_modules/trim-repeated": {
      "version": "1.0.0",
      "resolved": "https://registry.npmjs.org/trim-repeated/-/trim-repeated-1.0.0.tgz",
      "integrity": "sha512-0nRJfgagP87WLdDj/jSvGeDfmod98azezJFZ6Vxvt9/hf6HQCwYHyYP/D7qMt/i/N1wnM7WJkHJFDmcAjQmEA==",
      "dev": true,
      "dependencies": {
        "escape-string-regexp": "^1.0.2"
      },
      "engines": {
        "node": ">=0.10.0"
      }
    },
    "node_modules/universalify": {
      "version": "2.0.1",
      "resolved": "https://registry.npmjs.org/universalify/-/universalify-2.0.1.tgz",
      "integrity": "sha512-gptHNzpsRHiPnMD7wrcQOmMARGLne2dL8+O+ppd5vJTZaG9Flo6RSkrJewuvbBMd2dwE37QKRM2BeQgB9fsnIQ==",
      "dev": true,
      "engines": {
        "node": ">= 10.0.0"
      }
    },
    "node_modules/commondir": {
      "version": "1.0.1",
      "resolved": "https://registry.npmjs.org/commondir/-/commondir-1.0.1.tgz",
      "integrity": "sha512-W9pAhw0tc1cHGGHHVHYw4FqDwkLbSNl/wBIw34PwGEIrPWGa0tqomQU+is6DFObgnm04zpp9kL1G/3BhramZQ==",
      "dev": true
    },
    "node_modules/pkg-dir": {
      "version": "4.2.0",
      "resolved": "https://registry.npmjs.org/pkg-dir/-/pkg-dir-4.2.0.tgz",
      "integrity": "sha512-HRDzbaKjC+aEJf7Rw3wDmk8LXFe3v4MnSsladybASmoNi9QyIreGeE0OiNVeZKZUc0/55ZiPP3mbMudsdL7Rw==",
      "dev": true,
      "dependencies": {
        "find-up": "^4.0.0"
      },
      "engines": {
        "node": ">=8"
      }
    },
    "node_modules/find-up": {
      "version": "4.1.0",
      "resolved": "https://registry.npmjs.org/find-up/-/find-up-4.1.0.tgz",
      "integrity": "sha512-PpOwQ4CEvh6mXTNtW0zEH7dBH2mbXbVJzt6cyMN3UFeZ0EPATX6postXFLYiOkAwZYyC4OwARCLn+QKzewQh5Q==",
      "dev": true,
      "dependencies": {
        "locate-path": "^5.0.0",
        "path-exists": "^4.0.0"
      },
      "engines": {
        "node": ">=8"
      }
    },
    "node_modules/locate-path": {
      "version": "5.0.0",
      "resolved": "https://registry.npmjs.org/locate-path/-/locate-path-5.0.0.tgz",
      "integrity": "sha512-t7hw9pI+WvuwNJXwk5zBZ+SqSLOhks+axoNl+7lzrRmojiKMTnQcoBN+P3/a9/EV1pdqLJxIJFRXD4czog4ZLw==",
      "dev": true,
      "dependencies": {
        "p-locate": "^4.1.0"
      },
      "engines": {
        "node": ">=8"
      }
    },
    "node_modules/p-locate": {
      "version": "4.1.0",
      "resolved": "https://registry.npmjs.org/p-locate/-/p-locate-4.1.0.tgz",
      "integrity": "sha512-R79hNj040Evq5tWD7PcQvSQStjglmdLCEL90iNO8iedP60Vfo9QotnuiEqs3XCNghim2Z0DAgZQEl7mWMvvLg==",
      "dev": true,
      "dependencies": {
        "p-limit": "^2.2.0"
      },
      "engines": {
        "node": ">=8"
      }
    },
    "node_modules/p-limit": {
      "version": "2.3.0",
      "resolved": "https://registry.npmjs.org/p-limit/-/p-limit-2.3.0.tgz",
      "integrity": "sha512-//88mFWSJx+lCUcOJCmC9vBsJRwm1mfvFO0/N0mRQaqa3CRLA2HS6t+tddDqkc3JC1u5g/v2ZhNjomZAoOOcRQ==",
      "dev": true,
      "dependencies": {
        "p-try": "^2.0.0"
      },
      "engines": {
        "node": ">=6"
      }
    },
    "node_modules/p-try": {
      "version": "2.2.0",
      "resolved": "https://registry.npmjs.org/p-try/-/p-try-2.2.0.tgz",
      "integrity": "sha512-R4nPAVTAU0B9D35/Gk3uJf/7XlbQaJeBq5Xh7nQydN2igY7XkA2PsiParadise+9ekNKqSjqjdim4FF92lpQoIeKA==",
      "dev": true,
      "engines": {
        "node": ">=6"
      }
    },
    "node_modules/path-exists": {
      "version": "4.0.0",
      "resolved": "https://registry.npmjs.org/path-exists/-/path-exists-4.0.0.tgz",
      "integrity": "sha512-ak9Qy5Q7jYU1NXrM2t+T0v7wz+gsbQjO0eysIXijiUcKrlzWvvvu4smuul0PkYvCen31hJrZOU632zBxAgCnnA==",
      "dev": true,
      "engines": {
        "node": ">=8"
      }
    },
    "node_modules/foreground-child": {
      "version": "3.1.1",
      "resolved": "https://registry.npmjs.org/foreground-child/-/foreground-child-3.1.1.tgz",
      "integrity": "sha512-r/IBFYsKwWq4DdLJUyWrNzrrwCa+Ks2RouKKwSexZoDu2K/qyrQ6YMG21IZZPX4zuWQsvpIkJw3+XNMuNpfAcQ==",
      "dev": true,
      "dependencies": {
        "cross-spawn": "^7.0.0",
        "signal-exit": "^4.0.1"
      },
      "engines": {
        "node": ">=14"
      }
    },
    "node_modules/cross-spawn": {
      "version": "7.0.3",
      "resolved": "https://registry.npmjs.org/cross-spawn/-/cross-spawn-7.0.3.tgz",
      "integrity": "sha512-iRDPJKUPVEND7dHPO8rkmarK/keybd3d3wTD2ekOziKA2rREJtoYhLT1AIvdss1l2V1D772M3kmVSAdv/NAMcw==",
      "dev": true,
      "dependencies": {
        "path-key": "^3.1.0",
        "shebang-command": "^2.0.0",
        "which": "^2.0.1"
      },
      "engines": {
        "node": ">= 8"
      }
    },
    "node_modules/path-key": {
      "version": "3.1.1",
      "resolved": "https://registry.npmjs.org/path-key/-/path-key-3.1.1.tgz",
      "integrity": "sha512-ojmeN0qd+Am2XwKVOYdwQC/I0E+8OL3X5f7bIwl2K5CCLCalAdcberjnGSdzqDJWgyQxJ3qJE+cuNAQJ8NScjw==",
      "dev": true,
      "engines": {
        "node": ">=8"
      }
    },
    "node_modules/shebang-command": {
      "version": "2.0.0",
      "resolved": "https://registry.npmjs.org/shebang-command/-/shebang-command-2.0.0.tgz",
      "integrity": "sha512-kHxr2wikDOLoR3hBeVSA0CCewOo3yXYBcnqwSmnRDhJ5qWaAKe51leIYkospT9hBtW2zwiRH2jMsoRMSox/IMA==",
      "dev": true,
      "dependencies": {
        "shebang-regex": "^3.0.0"
      },
      "engines": {
        "node": ">=8"
      }
    },
    "node_modules/shebang-regex": {
      "version": "3.0.0",
      "resolved": "https://registry.npmjs.org/shebang-regex/-/shebang-regex-3.0.0.tgz",
      "integrity": "sha512-7++dFhtcx3353uBaq8DDR4NuxBXtWVI+LEyuigzlbSeCsdpbWKXnCLRoq19Z0dNOtQAu7 Regular+Ol8XO0EIiQ==",
      "dev": true,
      "engines": {
        "node": ">=12"
      }
    },
    "node_modules/which": {
      "version": "2.0.2",
      "resolved": "https://registry.npmjs.org/which/-/which-2.0.2.tgz",
      "integrity": "sha512-BLI3Tl1TW3Pvl70l3yq3Y64i+awpwXqsGBYWLI0/r7xyTtOnKVqHzDyWZ6i7vGLfrMRQYoTsMIS6SVDZcJiTlQ==",
      "dev": true,
      "dependencies": {
        "isexe": "^2.0.0"
      },
      "bin": {
        "which": "bin/which.js"
      },
      "engines": {
        "node": ">= 8"
      }
    },
    "node_modules/isexe": {
      "version": "2.0.0",
      "resolved": "https://registry.npmjs.org/isexe/-/isexe-2.0.0.tgz",
      "integrity": "sha512-RHxMLp9lnJEMu1UMmJ6HmUaJHaEVVwqS82ymUAMJ+tF684f2sSu7QjpeQ6g6W8u21I+lBPgRef3dkdzIo5tpA==",
      "dev": true
    },
    "node_modules/signal-exit": {
      "version": "4.1.0",
      "resolved": "https://registry.npmjs.org/signal-exit/-/signal-exit-4.1.0.tgz",
      "integrity": "sha512-bzyZ1e88w9O1iNJbKnOlden44MvVDEwNmq2jsen8SqFKE8+YlHYLjSAoFD/ocfD25doBaTjsS4GHfc23ghrAAQ==",
      "dev": true,
      "engines": {
        "node": ">=14"
      }
    },
    "node_modules/jackspeak": {
      "version": "3.4.3",
      "resolved": "https://registry.npmjs.org/jackspeak/-/jackspeak-3.4.3.tgz",
      "integrity": "sha512-OGlZQpz2yfahA7Rid1dvrgnafEflvAevYDqVOJXaKwQMeeting+/O2SiFGYe4zgyXahzod41vC2tqyOGKdvp+/2Dw==",
      "dev": true,
      "dependencies": {
        "@isaacs/cliui": "^8.0.2"
      },
      "engines": {
        "node": ">=14"
      }
    },
    "node_modules/@isaacs/cliui": {
      "version": "8.0.2",
      "resolved": "https://registry.npmjs.org/@isaacs/cliui/-/cliui-8.0.2.tgz",
      "integrity": "sha512-O8jcjabXaleOG9DQ0+ARXWZbTvQjF21cIVXu+FLY5vertXeIKJ6DJMCv0SlL7d7rB0rbLjustlmagTeyједlBA==",
      "dev": true,
      "dependencies": {
        "string-width": "^5.1.2",
        "string-width-cjs": "npm:string-width@^4.2.0",
        "strip-ansi": "^7.0.0",
        "strip-ansi-cjs": "npm:strip-ansi@^6.0.0"
      },
      "engines": {
        "node": ">=12"
      }
    },
    "node_modules/string-width": {
      "version": "5.1.2",
      "resolved": "https://registry.npmjs.org/string-width/-/string-width-5.1.2.tgz",
      "integrity": "sha512-HnLOCR3vjcY8beoNLtcjZ5/TVMsVisQe3gFCvPL9/IeVISAfwlmnxECCg7zlxDiJ+50yKpK+keJ/f/50WsKcNw==",
      "dev": true,
      "dependencies": {
        "eastasianwidth": "^0.2.0",
        "emoji-regex": "^9.2.2",
        "strip-ansi": "^7.0.0"
      },
      "engines": {
        "node": ">=12"
      }
    },
    "node_modules/eastasianwidth": {
      "version": "0.2.0",
      "resolved": "https://registry.npmjs.org/eastasianwidth/-/eastasianwidth-0.2.0.tgz",
      "integrity": "sha512-I88TYZWc9XiYnkeYXm7zS+FL3FRCTWMXrszM134MBSBM8V5H5gUkuzoVmGfsVZwngaSl/NNpIPdImSjnt0+G6w==",
      "dev": true
    },
    "node_modules/emoji-regex": {
      "version": "9.2.2",
      "resolved": "https://registry.npmjs.org/emoji-regex/-/emoji-regex-9.2.2.tgz",
      "integrity": "sha512-L18DqrZiWhQu53Vngn/7GCHCINNF2tz/9MPYLBNrEN9W8z+I15HltmTvtBvDMsX19J0WwEhNLfCRCqxSxoYPEw==",
      "dev": true
    },
    "node_modules/strip-ansi": {
      "version": "7.1.0",
      "resolved": "https://registry.npmjs.org/strip-ansi/-/strip-ansi-7.1.0.tgz",
      "integrity": "sha512-iq6eVsr7IkIXR7w5yfyS/PsRuch52gC1xHVf65Z0bAVc6zgzznzEizzBss9Q8YZKyDcZsPQSRk+rBJKiBLr6g==",
      "dev": true,
      "dependencies": {
        "ansi-regex": "^6.0.1"
      },
      "engines": {
        "node": ">=12"
      }
    },
    "node_modules/ansi-regex": {
      "version": "6.0.1",
      "resolved": "https://registry.npmjs.org/ansi-regex/-/ansi-regex-6.0.1.tgz",
      "integrity": "sha512-n5M855fKb2SsfMIiFFjoVba5RPRc0ZampRQpVREu23pjOoaSMvTbiTAo7IarbZcgEFjHS7dkgvKrymZ8D75M1A==",
      "dev": true,
      "engines": {
        "node": ">=12"
      }
    },
    "node_modules/string-width-cjs": {
      "version": "4.2.3",
      "resolved": "https://registry.npmjs.org/string-width/-/string-width-4.2.3.tgz",
      "integrity": "sha512-wKyQRQpjJ0sIp62ErSZdGsjMJWesen6DJL3XWuVLsEsFnjd/HZOiVfkqeD6G+vy5d3KwBP6sVRwQJAwNrwsgFQ==",
      "dev": true,
      "dependencies": {
        "emoji-regex": "^8.0.0",
        "is-fullwidth-code-point": "^3.0.0",
        "strip-ansi": "^6.0.1"
      },
      "engines": {
        "node": ">=8"
      }
    },
    "node_modules/string-width-cjs/node_modules/strip-ansi": {
      "version": "6.0.1",
      "resolved": "https://registry.npmjs.org/strip-ansi/-/strip-ansi-6.0.1.tgz",
      "integrity": "sha512-Y38VPSHcqkFIvxyS1f11T6MwhBWYqiRKqOvKx4GZkL8N5Xp8RgJy5WX/u4qwSfV5PsGv+FVThLmtqxrHTKegw==",
      "dev": true,
      "dependencies": {
        "ansi-regex": "^5.0.1"
      },
      "engines": {
        "node": ">=6"
      }
    },
    "node_modules/string-width-cjs/node_modules/ansi-regex": {
      "version": "5.0.1",
      "resolved": "https://registry.npmjs.org/ansi-regex/-/ansi-regex-5.0.1.tgz",
      "integrity": "sha512-quJQXlxsqt0PEffItsijZSu/013DoJoRI+icMR5QxMcvyMx4+5PEIKTn+UBkkk7rgudgDvhltXm27NghBQi8+Q==",
      "dev": true,
      "engines": {
        "node": ">=8"
      }
    },
    "node_modules/string-width-cjs/node_modules/emoji-regex": {
      "version": "8.0.0",
      "resolved": "https://registry.npmjs.org/emoji-regex/-/emoji-regex-8.0.0.tgz",
      "integrity": "sha512-MSjYzcWNaNzl7BQcuL+PgJcZP7DRXLT9Zoggc+GXNM/d2CohIs2V2w8+EGm/wZs//9c4-wzOhdRE6k6ZIahSQ==",
      "dev": true
    },
    "node_modules/is-fullwidth-code-point": {
      "version": "3.0.0",
      "resolved": "https://registry.npmjs.org/is-fullwidth-code-point/-/is-fullwidth-code-point-3.0.0.tgz",
      "integrity": "sha512-zymm5+u+sCsSzcQJsqdDg57i51VrlCancpxCParametw49TC6QvTVEg7I+NS9R5NFicisuNElrjmbf7K7z2L1x5w==",
      "dev": true,
      "engines": {
        "node": ">=8"
      }
    },
    "node_modules/strip-ansi-cjs": {
      "version": "6.0.1",
      "resolved": "https://registry.npmjs.org/strip-ansi/-/strip-ansi-6.0.1.tgz",
      "integrity": "sha512-Y38VPSHcqkFIvxyS1f11T6MwhBWYqiRKqOvKx4GZkL8N5Xp8RgJy5WX/u4qwSfV5PsGv+FVThLmtqxrHTKegw==",
      "dev": true,
      "dependencies": {
        "ansi-regex": "^5.0.1"
      },
      "engines": {
        "node": ">=6"
      }
    },
    "node_modules/strip-ansi-cjs/node_modules/ansi-regex": {
      "version": "5.0.1",
      "resolved": "https://registry.npmjs.org/ansi-regex/-/ansi-regex-5.0.1.tgz",
      "integrity": "sha512-quJQXlxsqt0PEffItsijZSu/013DoJoRI+icMR5QxMcvyMx4+5PEIKTn+UBkkk7rgudgDvhltXm27NghBQi8+Q==",
      "dev": true,
      "engines": {
        "node": ">=8"
      }
    },
    "node_modules/minimatch": {
      "version": "9.0.3",
      "resolved": "https://registry.npmjs.org/minimatch/-/minimatch-9.0.3.tgz",
      "integrity": "sha512-RHiac9mvaRw0x3AYRgDC1CxAP7HTcNV27IsQlm5Cn+74oC7UbnIina/UP+5ghUBq04n5slBgKlnA50jR9KTY8w==",
      "dev": true,
      "dependencies": {
        "brace-expansion": "^2.0.1"
      },
      "engines": {
        "node": ">=16 || 14 >=14.17"
      }
    },
    "node_modules/brace-expansion": {
      "version": "2.0.1",
      "resolved": "https://registry.npmjs.org/brace-expansion/-/brace-expansion-2.0.1.tgz",
      "integrity": "sha512-XnAIvQ8eM+kC6aIJLxwwulQiYlbnysLFElqfIsEpleRsSvCLuJAX9qtIo+q1zKamKaYjZ9vsU5eNNvy4RiE6Pw==",
      "dev": true,
      "dependencies": {
        "balanced-match": "^1.0.0"
      }
    },
    "node_modules/balanced-match": {
      "version": "1.0.2",
      "resolved": "https://registry.npmjs.org/balanced-match/-/balanced-match-1.0.2.tgz",
      "integrity": "sha512-3oSeUO9+JjlH5eXs1IBtViVTQlMNIF3gHg/ZfzlzH7xg50RDuS6RN6sD+N2BnvKQnZ8V+O+r+RgU308nImjvzw==",
      "dev": true
    },
    "node_modules/minipass": {
      "version": "7.0.4",
      "resolved": "https://registry.npmjs.org/minipass/-/minipass-7.0.4.tgz",
      "integrity": "sha512-jYofLM5RCEwNHtD88G8UogJne6Asji6OففMHXaN1N7ua6NUtFrtngN6V6ZNToRjq2zsQ4MrsqLPopCMSKIZg==",
      "dev": true,
      "engines": {
        "node": ">=16 || 14 >=14.17"
      }
    },
    "node_modules/path-scurry": {
      "version": "1.10.1",
      "resolved": "https://registry.npmjs.org/path-scurry/-/path-scurry-1.10.1.tgz",
      "integrity": "sha512-MbROQe1Tj9gw/NG2v+V/qWZ51VJwYkAylcHuohNYrod/XiNENp+59o2Rvg1UXfy84dW+pBw+xkns0n4 morMjqA==",
      "dev": true,
      "dependencies": {
        "lru-cache": "^10.0.0",
        "minipass": "^5.0.0 || ^6.0.2 || ^7.0.0"
      },
      "engines": {
        "node": ">=16 || 14 >=14.18"
      }
    },
    "node_modules/lru-cache": {
      "version": "10.1.0",
      "resolved": "https://registry.npmjs.org/lru-cache/-/lru-cache-10.1.0.tgz",
      "integrity": "sha512-/1clY/ui8CzjKFyjDvQQCuF47poNmAQJ6DBEancKkP4FCvnS6X+g6zD6k63Z7J7qy7S3f3/ECjs1NYLgVxFFBA==",
      "dev": true,
      "engines": {
        "node": "14 || >=16"
      }
    }
  }
}
